
Microsoft Visual Studio Solution File, Format Version 12.00
# Visual Studio 15
VisualStudioVersion = 15.0.27428.2002
MinimumVisualStudioVersion = 10.0.40219.1
Project("{FAE04EC0-301F-11D3-BF4B-00C04F79EFBC}") = "FoodServiceAPI", "FoodServiceAPI\FoodServiceAPI.csproj", "{B43152BA-0B8E-4985-A2D0-63EF44947811}"
EndProject
Global
	GlobalSection(SolutionConfigurationPlatforms) = preSolution
		Debug|Any CPU = Debug|Any CPU
		Release|Any CPU = Release|Any CPU
	EndGlobalSection
	GlobalSection(ProjectConfigurationPlatforms) = postSolution
		{B43152BA-0B8E-4985-A2D0-63EF44947811}.Debug|Any CPU.ActiveCfg = Debug|Any CPU
		{B43152BA-0B8E-4985-A2D0-63EF44947811}.Debug|Any CPU.Build.0 = Debug|Any CPU
		{B43152BA-0B8E-4985-A2D0-63EF44947811}.Release|Any CPU.ActiveCfg = Release|Any CPU
		{B43152BA-0B8E-4985-A2D0-63EF44947811}.Release|Any CPU.Build.0 = Release|Any CPU
	EndGlobalSection
	GlobalSection(SolutionProperties) = preSolution
		HideSolutionNode = FALSE
	EndGlobalSection
	GlobalSection(ExtensibilityGlobals) = postSolution
		SolutionGuid = {C3AFAAD8-41D8-484C-87A9-A0EAE512A95C}
	EndGlobalSection
EndGlobal
